
Microsoft Visual Studio Solution File, Format Version 12.00
# Visual Studio Version 17
VisualStudioVersion = 17.8.34330.188
MinimumVisualStudioVersion = 10.0.40219.1
Project("{9A19103F-16F7-4668-BE54-9A1E7A4F7556}") = "MindPlus.Api", "MindPlus.Api\MindPlus.Api.csproj", "{A897A66C-632A-4094-A4D6-1F0C6A173170}"
EndProject
Project("{9A19103F-16F7-4668-BE54-9A1E7A4F7556}") = "MindPlus.Application", "MindPlus.Application\MindPlus.Application.csproj", "{A864375F-468E-4C1A-8A24-FC4497E5EEDC}"
EndProject
Project("{9A19103F-16F7-4668-BE54-9A1E7A4F7556}") = "MindPlus.Core", "MindPlus.Core\MindPlus.Core.csproj", "{B63C5721-8CFB-4C17-B545-81FC67FF861F}"
EndProject
Project("{9A19103F-16F7-4668-BE54-9A1E7A4F7556}") = "MindPlus.Domain", "MindPlus.Domain\MindPlus.Domain.csproj", "{32BDF03A-9149-46E2-B006-B449818074B0}"
EndProject
Project("{9A19103F-16F7-4668-BE54-9A1E7A4F7556}") = "MindPlus.Infrastructure", "MindPlus.Infrastructure\MindPlus.Infrastructure.csproj", "{32B72A87-C223-409F-A005-C563364B0ABD}"
EndProject
Global
	GlobalSection(SolutionConfigurationPlatforms) = preSolution
		Debug|Any CPU = Debug|Any CPU
		Release|Any CPU = Release|Any CPU
	EndGlobalSection
	GlobalSection(ProjectConfigurationPlatforms) = postSolution
		{A897A66C-632A-4094-A4D6-1F0C6A173170}.Debug|Any CPU.ActiveCfg = Debug|Any CPU
		{A897A66C-632A-4094-A4D6-1F0C6A173170}.Debug|Any CPU.Build.0 = Debug|Any CPU
		{A897A66C-632A-4094-A4D6-1F0C6A173170}.Release|Any CPU.ActiveCfg = Release|Any CPU
		{A897A66C-632A-4094-A4D6-1F0C6A173170}.Release|Any CPU.Build.0 = Release|Any CPU
		{A864375F-468E-4C1A-8A24-FC4497E5EEDC}.Debug|Any CPU.ActiveCfg = Debug|Any CPU
		{A864375F-468E-4C1A-8A24-FC4497E5EEDC}.Debug|Any CPU.Build.0 = Debug|Any CPU
		{A864375F-468E-4C1A-8A24-FC4497E5EEDC}.Release|Any CPU.ActiveCfg = Release|Any CPU
		{A864375F-468E-4C1A-8A24-FC4497E5EEDC}.Release|Any CPU.Build.0 = Release|Any CPU
		{B63C5721-8CFB-4C17-B545-81FC67FF861F}.Debug|Any CPU.ActiveCfg = Debug|Any CPU
		{B63C5721-8CFB-4C17-B545-81FC67FF861F}.Debug|Any CPU.Build.0 = Debug|Any CPU
		{B63C5721-8CFB-4C17-B545-81FC67FF861F}.Release|Any CPU.ActiveCfg = Release|Any CPU
		{B63C5721-8CFB-4C17-B545-81FC67FF861F}.Release|Any CPU.Build.0 = Release|Any CPU
		{32BDF03A-9149-46E2-B006-B449818074B0}.Debug|Any CPU.ActiveCfg = Debug|Any CPU
		{32BDF03A-9149-46E2-B006-B449818074B0}.Debug|Any CPU.Build.0 = Debug|Any CPU
		{32BDF03A-9149-46E2-B006-B449818074B0}.Release|Any CPU.ActiveCfg = Release|Any CPU
		{32BDF03A-9149-46E2-B006-B449818074B0}.Release|Any CPU.Build.0 = Release|Any CPU
		{32B72A87-C223-409F-A005-C563364B0ABD}.Debug|Any CPU.ActiveCfg = Debug|Any CPU
		{32B72A87-C223-409F-A005-C563364B0ABD}.Debug|Any CPU.Build.0 = Debug|Any CPU
		{32B72A87-C223-409F-A005-C563364B0ABD}.Release|Any CPU.ActiveCfg = Release|Any CPU
		{32B72A87-C223-409F-A005-C563364B0ABD}.Release|Any CPU.Build.0 = Release|Any CPU
	EndGlobalSection
	GlobalSection(SolutionProperties) = preSolution
		HideSolutionNode = FALSE
	EndGlobalSection
	GlobalSection(ExtensibilityGlobals) = postSolution
		SolutionGuid = {A0B97BAD-FE4B-452E-B1EA-51A711E18A0E}
	EndGlobalSection
EndGlobal
