
Microsoft Visual Studio Solution File, Format Version 12.00
# Visual Studio Version 17
VisualStudioVersion = 17.7.34202.233
MinimumVisualStudioVersion = 10.0.40219.1
Project("{9A19103F-16F7-4668-BE54-9A1E7A4F7556}") = "MindPlus.Api", "MindPlus.API\MindPlus.Api.csproj", "{4D5FED96-7640-4AE1-BF15-3F6A5B778AA2}"
EndProject
Global
	GlobalSection(SolutionConfigurationPlatforms) = preSolution
		Debug|Any CPU = Debug|Any CPU
		Release|Any CPU = Release|Any CPU
	EndGlobalSection
	GlobalSection(ProjectConfigurationPlatforms) = postSolution
		{4D5FED96-7640-4AE1-BF15-3F6A5B778AA2}.Debug|Any CPU.ActiveCfg = Debug|Any CPU
		{4D5FED96-7640-4AE1-BF15-3F6A5B778AA2}.Debug|Any CPU.Build.0 = Debug|Any CPU
		{4D5FED96-7640-4AE1-BF15-3F6A5B778AA2}.Release|Any CPU.ActiveCfg = Release|Any CPU
		{4D5FED96-7640-4AE1-BF15-3F6A5B778AA2}.Release|Any CPU.Build.0 = Release|Any CPU
	EndGlobalSection
	GlobalSection(SolutionProperties) = preSolution
		HideSolutionNode = FALSE
	EndGlobalSection
	GlobalSection(ExtensibilityGlobals) = postSolution
		SolutionGuid = {0B56DBB1-4798-4B84-A77A-D5BC5FC2D7EF}
	EndGlobalSection
EndGlobal
