
Microsoft Visual Studio Solution File, Format Version 12.00
# Visual Studio Version 17
VisualStudioVersion = 17.7.34202.233
MinimumVisualStudioVersion = 10.0.40219.1
Project("{9A19103F-16F7-4668-BE54-9A1E7A4F7556}") = "MindPlus.Api", "MindPlus.API\MindPlus.Api.csproj", "{4D5FED96-7640-4AE1-BF15-3F6A5B778AA2}"
EndProject
Project("{2150E333-8FDC-42A3-9474-1A3956D46DE8}") = "Infrastructure", "Infrastructure", "{4DF57C09-3B52-4738-84A5-DC65F80B496E}"
EndProject
Project("{2150E333-8FDC-42A3-9474-1A3956D46DE8}") = "Web", "Web", "{E8339CDF-C5F6-4872-A8F5-B1BC2A61C7D8}"
EndProject
Project("{2150E333-8FDC-42A3-9474-1A3956D46DE8}") = "Domain", "Domain", "{317EF35E-6908-4DBE-8CB8-4884A25D7745}"
EndProject
Project("{2150E333-8FDC-42A3-9474-1A3956D46DE8}") = "Application", "Application", "{2EA411A3-FC57-4C65-8DBF-0724B069C843}"
EndProject
Project("{9A19103F-16F7-4668-BE54-9A1E7A4F7556}") = "MindPlus.Usuario", "MindPlus.Usuarios\MindPlus.Usuario.csproj", "{45EC7427-8AD9-4EAD-9794-87E538BBFEF4}"
EndProject
Project("{2150E333-8FDC-42A3-9474-1A3956D46DE8}") = "Database", "Database", "{BBFE1C44-81B7-4CAF-BA2E-3916F684275B}"
EndProject
Project("{2150E333-8FDC-42A3-9474-1A3956D46DE8}") = "Integration", "Integration", "{F50C3598-379F-48BB-970E-4C14E8EA8D40}"
EndProject
Project("{2150E333-8FDC-42A3-9474-1A3956D46DE8}") = "Usuario", "Usuario", "{9299E11A-A7A3-471A-A6C8-2FA4AA379B76}"
EndProject
Project("{9A19103F-16F7-4668-BE54-9A1E7A4F7556}") = "MindPlus.Usuario.CommandStore", "MindPlus.Usuarios.CommandStore\MindPlus.Usuario.CommandStore.csproj", "{B7DEB42F-9603-47AA-AF95-C60DEE6708CC}"
EndProject
Project("{2150E333-8FDC-42A3-9474-1A3956D46DE8}") = "Usuario", "Usuario", "{483BAB4D-1E86-4ED1-9408-B706CD21D09A}"
EndProject
Project("{9A19103F-16F7-4668-BE54-9A1E7A4F7556}") = "MindPlus.Usuario.QueryStore", "MindPlus.QueryStore\MindPlus.Usuario.QueryStore.csproj", "{03D0CE71-9104-4629-BAB4-1A1C0DBCDB2D}"
EndProject
Project("{2150E333-8FDC-42A3-9474-1A3956D46DE8}") = "Usuario", "Usuario", "{D9B34EE8-2724-42FC-B72C-79A0C392BE4D}"
EndProject
Project("{9A19103F-16F7-4668-BE54-9A1E7A4F7556}") = "MindPlus.Usuario.Command", "MindPlus.Usuarios.Command\MindPlus.Usuario.Command.csproj", "{1FB806C5-1137-443F-B4E0-72DC27A812D2}"
EndProject
Project("{9A19103F-16F7-4668-BE54-9A1E7A4F7556}") = "MindPlus.Usuario.Contract", "MindPlus.Usuarios.Contract\MindPlus.Usuario.Contract.csproj", "{3D024D2F-CA2F-43D4-BC02-5BF274B509AC}"
EndProject
Project("{9A19103F-16F7-4668-BE54-9A1E7A4F7556}") = "MindPlus.Usuario.Query", "MindPlus.Usuarios.Query\MindPlus.Usuario.Query.csproj", "{71CB7C4B-BFEC-4975-8E69-5C14B52760DD}"
EndProject
Project("{9A19103F-16F7-4668-BE54-9A1E7A4F7556}") = "MindPlus.Worker", "MindPlus.Worker\MindPlus.Worker.csproj", "{0246AF4B-2BA7-4127-9717-92EEB9189BBB}"
EndProject
Global
	GlobalSection(SolutionConfigurationPlatforms) = preSolution
		Debug|Any CPU = Debug|Any CPU
		Release|Any CPU = Release|Any CPU
	EndGlobalSection
	GlobalSection(ProjectConfigurationPlatforms) = postSolution
		{4D5FED96-7640-4AE1-BF15-3F6A5B778AA2}.Debug|Any CPU.ActiveCfg = Debug|Any CPU
		{4D5FED96-7640-4AE1-BF15-3F6A5B778AA2}.Debug|Any CPU.Build.0 = Debug|Any CPU
		{4D5FED96-7640-4AE1-BF15-3F6A5B778AA2}.Release|Any CPU.ActiveCfg = Release|Any CPU
		{4D5FED96-7640-4AE1-BF15-3F6A5B778AA2}.Release|Any CPU.Build.0 = Release|Any CPU
		{45EC7427-8AD9-4EAD-9794-87E538BBFEF4}.Debug|Any CPU.ActiveCfg = Debug|Any CPU
		{45EC7427-8AD9-4EAD-9794-87E538BBFEF4}.Debug|Any CPU.Build.0 = Debug|Any CPU
		{45EC7427-8AD9-4EAD-9794-87E538BBFEF4}.Release|Any CPU.ActiveCfg = Release|Any CPU
		{45EC7427-8AD9-4EAD-9794-87E538BBFEF4}.Release|Any CPU.Build.0 = Release|Any CPU
		{B7DEB42F-9603-47AA-AF95-C60DEE6708CC}.Debug|Any CPU.ActiveCfg = Debug|Any CPU
		{B7DEB42F-9603-47AA-AF95-C60DEE6708CC}.Debug|Any CPU.Build.0 = Debug|Any CPU
		{B7DEB42F-9603-47AA-AF95-C60DEE6708CC}.Release|Any CPU.ActiveCfg = Release|Any CPU
		{B7DEB42F-9603-47AA-AF95-C60DEE6708CC}.Release|Any CPU.Build.0 = Release|Any CPU
		{03D0CE71-9104-4629-BAB4-1A1C0DBCDB2D}.Debug|Any CPU.ActiveCfg = Debug|Any CPU
		{03D0CE71-9104-4629-BAB4-1A1C0DBCDB2D}.Debug|Any CPU.Build.0 = Debug|Any CPU
		{03D0CE71-9104-4629-BAB4-1A1C0DBCDB2D}.Release|Any CPU.ActiveCfg = Release|Any CPU
		{03D0CE71-9104-4629-BAB4-1A1C0DBCDB2D}.Release|Any CPU.Build.0 = Release|Any CPU
		{1FB806C5-1137-443F-B4E0-72DC27A812D2}.Debug|Any CPU.ActiveCfg = Debug|Any CPU
		{1FB806C5-1137-443F-B4E0-72DC27A812D2}.Debug|Any CPU.Build.0 = Debug|Any CPU
		{1FB806C5-1137-443F-B4E0-72DC27A812D2}.Release|Any CPU.ActiveCfg = Release|Any CPU
		{1FB806C5-1137-443F-B4E0-72DC27A812D2}.Release|Any CPU.Build.0 = Release|Any CPU
		{3D024D2F-CA2F-43D4-BC02-5BF274B509AC}.Debug|Any CPU.ActiveCfg = Debug|Any CPU
		{3D024D2F-CA2F-43D4-BC02-5BF274B509AC}.Debug|Any CPU.Build.0 = Debug|Any CPU
		{3D024D2F-CA2F-43D4-BC02-5BF274B509AC}.Release|Any CPU.ActiveCfg = Release|Any CPU
		{3D024D2F-CA2F-43D4-BC02-5BF274B509AC}.Release|Any CPU.Build.0 = Release|Any CPU
		{71CB7C4B-BFEC-4975-8E69-5C14B52760DD}.Debug|Any CPU.ActiveCfg = Debug|Any CPU
		{71CB7C4B-BFEC-4975-8E69-5C14B52760DD}.Debug|Any CPU.Build.0 = Debug|Any CPU
		{71CB7C4B-BFEC-4975-8E69-5C14B52760DD}.Release|Any CPU.ActiveCfg = Release|Any CPU
		{71CB7C4B-BFEC-4975-8E69-5C14B52760DD}.Release|Any CPU.Build.0 = Release|Any CPU
		{0246AF4B-2BA7-4127-9717-92EEB9189BBB}.Debug|Any CPU.ActiveCfg = Debug|Any CPU
		{0246AF4B-2BA7-4127-9717-92EEB9189BBB}.Debug|Any CPU.Build.0 = Debug|Any CPU
		{0246AF4B-2BA7-4127-9717-92EEB9189BBB}.Release|Any CPU.ActiveCfg = Release|Any CPU
		{0246AF4B-2BA7-4127-9717-92EEB9189BBB}.Release|Any CPU.Build.0 = Release|Any CPU
	EndGlobalSection
	GlobalSection(SolutionProperties) = preSolution
		HideSolutionNode = FALSE
	EndGlobalSection
	GlobalSection(NestedProjects) = preSolution
		{4D5FED96-7640-4AE1-BF15-3F6A5B778AA2} = {E8339CDF-C5F6-4872-A8F5-B1BC2A61C7D8}
		{E8339CDF-C5F6-4872-A8F5-B1BC2A61C7D8} = {4DF57C09-3B52-4738-84A5-DC65F80B496E}
		{45EC7427-8AD9-4EAD-9794-87E538BBFEF4} = {9299E11A-A7A3-471A-A6C8-2FA4AA379B76}
		{BBFE1C44-81B7-4CAF-BA2E-3916F684275B} = {4DF57C09-3B52-4738-84A5-DC65F80B496E}
		{F50C3598-379F-48BB-970E-4C14E8EA8D40} = {4DF57C09-3B52-4738-84A5-DC65F80B496E}
		{9299E11A-A7A3-471A-A6C8-2FA4AA379B76} = {317EF35E-6908-4DBE-8CB8-4884A25D7745}
		{B7DEB42F-9603-47AA-AF95-C60DEE6708CC} = {483BAB4D-1E86-4ED1-9408-B706CD21D09A}
		{483BAB4D-1E86-4ED1-9408-B706CD21D09A} = {BBFE1C44-81B7-4CAF-BA2E-3916F684275B}
		{03D0CE71-9104-4629-BAB4-1A1C0DBCDB2D} = {483BAB4D-1E86-4ED1-9408-B706CD21D09A}
		{D9B34EE8-2724-42FC-B72C-79A0C392BE4D} = {2EA411A3-FC57-4C65-8DBF-0724B069C843}
		{1FB806C5-1137-443F-B4E0-72DC27A812D2} = {D9B34EE8-2724-42FC-B72C-79A0C392BE4D}
		{3D024D2F-CA2F-43D4-BC02-5BF274B509AC} = {D9B34EE8-2724-42FC-B72C-79A0C392BE4D}
		{71CB7C4B-BFEC-4975-8E69-5C14B52760DD} = {D9B34EE8-2724-42FC-B72C-79A0C392BE4D}
		{0246AF4B-2BA7-4127-9717-92EEB9189BBB} = {E8339CDF-C5F6-4872-A8F5-B1BC2A61C7D8}
	EndGlobalSection
	GlobalSection(ExtensibilityGlobals) = postSolution
		SolutionGuid = {0B56DBB1-4798-4B84-A77A-D5BC5FC2D7EF}
	EndGlobalSection
EndGlobal
